<?xml version="1.0" encoding="utf-8"?>
<Project ToolsVersion="4.0" xmlns="http://schemas.microsoft.com/developer/msbuild/2003">
  <ItemGroup>
    <Filter Include="Source Files">
      <UniqueIdentifier>{4FC737F1-C7A5-4376-A066-2A32D752A2FF}</UniqueIdentifier>
      <Extensions>cpp;c;cc;cxx;def;odl;idl;hpj;bat;asm;asmx</Extensions>
    </Filter>
    <Filter Include="Header Files">
      <UniqueIdentifier>{93995380-89BD-4b04-88EB-625FBE52EBFB}</UniqueIdentifier>
      <Extensions>h;hh;hpp;hxx;hm;inl;inc;xsd</Extensions>
    </Filter>
    <Filter Include="Resource Files">
      <UniqueIdentifier>{67DA6AB6-F800-4c08-8B7A-83BB121AAD01}</UniqueIdentifier>
      <Extensions>rc;ico;cur;bmp;dlg;rc2;rct;bin;rgs;gif;jpg;jpeg;jpe;resx;tiff;tif;png;wav;mfcribbon-ms</Extensions>
    </Filter>
    <Filter Include="Header Files\util">
      <UniqueIdentifier>{9f8cdbf9-8eba-428f-a821-1ebd723bce5f}</UniqueIdentifier>
    </Filter>
    <Filter Include="Header Files\sdk">
      <UniqueIdentifier>{bba5f127-82c5-43c9-a85a-205e279d80bc}</UniqueIdentifier>
    </Filter>
    <Filter Include="Header Files\menu">
      <UniqueIdentifier>{b9f91652-ff68-48a0-8f74-6babefb2530a}</UniqueIdentifier>
    </Filter>
    <Filter Include="Source Files\hooks">
      <UniqueIdentifier>{e893df6b-d581-446c-b177-b7a11aa7769a}</UniqueIdentifier>
    </Filter>
    <Filter Include="Source Files\menu">
      <UniqueIdentifier>{22e5ac79-30aa-4c38-bc4b-b9c865cc8771}</UniqueIdentifier>
    </Filter>
    <Filter Include="Source Files\hooks\game">
      <UniqueIdentifier>{dc598826-7ed4-4dd9-80fe-8dad20f9bfd0}</UniqueIdentifier>
    </Filter>
    <Filter Include="Header Files\util\contrib">
      <UniqueIdentifier>{203aec8b-15f9-4e88-b0c7-d51d4a57be52}</UniqueIdentifier>
    </Filter>
  </ItemGroup>
  <ItemGroup>
    <ClInclude Include="aimbot.h">
      <Filter>Header Files</Filter>
    </ClInclude>
    <ClInclude Include="bonesetup.h">
      <Filter>Header Files</Filter>
    </ClInclude>
    <ClInclude Include="csgo.h">
      <Filter>Header Files</Filter>
    </ClInclude>
    <ClInclude Include="hooks.h">
      <Filter>Header Files</Filter>
    </ClInclude>
    <ClInclude Include="hvh.h">
      <Filter>Header Files</Filter>
    </ClInclude>
    <ClInclude Include="includes.h">
      <Filter>Header Files</Filter>
    </ClInclude>
    <ClInclude Include="lagcomp.h">
      <Filter>Header Files</Filter>
    </ClInclude>
    <ClInclude Include="lagrecord.h">
      <Filter>Header Files</Filter>
    </ClInclude>
    <ClInclude Include="math.h">
      <Filter>Header Files</Filter>
    </ClInclude>
    <ClInclude Include="movement.h">
      <Filter>Header Files</Filter>
    </ClInclude>
    <ClInclude Include="penetration.h">
      <Filter>Header Files</Filter>
    </ClInclude>
    <ClInclude Include="pred.h">
      <Filter>Header Files</Filter>
    </ClInclude>
    <ClInclude Include="render.h">
      <Filter>Header Files</Filter>
    </ClInclude>
    <ClInclude Include="visuals.h">
      <Filter>Header Files</Filter>
    </ClInclude>
    <ClInclude Include="address.h">
      <Filter>Header Files\util</Filter>
    </ClInclude>
    <ClInclude Include="angle.h">
      <Filter>Header Files\sdk</Filter>
    </ClInclude>
    <ClInclude Include="basehandle.h">
      <Filter>Header Files\sdk</Filter>
    </ClInclude>
    <ClInclude Include="callbacks.h">
      <Filter>Header Files\menu</Filter>
    </ClInclude>
    <ClInclude Include="checkbox.h">
      <Filter>Header Files\menu</Filter>
    </ClInclude>
    <ClInclude Include="clientclass.h">
      <Filter>Header Files\sdk</Filter>
    </ClInclude>
    <ClInclude Include="clientdll.h">
      <Filter>Header Files\sdk</Filter>
    </ClInclude>
    <ClInclude Include="clientmode.h">
      <Filter>Header Files\sdk</Filter>
    </ClInclude>
    <ClInclude Include="color.h">
      <Filter>Header Files\sdk</Filter>
    </ClInclude>
    <ClInclude Include="colorpicker.h">
      <Filter>Header Files\menu</Filter>
    </ClInclude>
    <ClInclude Include="cvar.h">
      <Filter>Header Files\sdk</Filter>
    </ClInclude>
    <ClInclude Include="datamap.h">
      <Filter>Header Files\sdk</Filter>
    </ClInclude>
    <ClInclude Include="dropdown.h">
      <Filter>Header Files\menu</Filter>
    </ClInclude>
    <ClInclude Include="element.h">
      <Filter>Header Files\menu</Filter>
    </ClInclude>
    <ClInclude Include="engineclient.h">
      <Filter>Header Files\sdk</Filter>
    </ClInclude>
    <ClInclude Include="entity.h">
      <Filter>Header Files\sdk</Filter>
    </ClInclude>
    <ClInclude Include="entlist.h">
      <Filter>Header Files\sdk</Filter>
    </ClInclude>
    <ClInclude Include="game.h">
      <Filter>Header Files\sdk</Filter>
    </ClInclude>
    <ClInclude Include="globalvars.h">
      <Filter>Header Files\sdk</Filter>
    </ClInclude>
    <ClInclude Include="glow.h">
      <Filter>Header Files\sdk</Filter>
    </ClInclude>
    <ClInclude Include="gui.h">
      <Filter>Header Files\menu</Filter>
    </ClInclude>
    <ClInclude Include="hash.h">
      <Filter>Header Files\util</Filter>
    </ClInclude>
    <ClInclude Include="input.h">
      <Filter>Header Files\sdk</Filter>
    </ClInclude>
    <ClInclude Include="matrix.h">
      <Filter>Header Files\sdk</Filter>
    </ClInclude>
    <ClInclude Include="memalloc.h">
      <Filter>Header Files\sdk</Filter>
    </ClInclude>
    <ClInclude Include="menu.h">
      <Filter>Header Files\menu</Filter>
    </ClInclude>
    <ClInclude Include="modules.h">
      <Filter>Header Files\util</Filter>
    </ClInclude>
    <ClInclude Include="pattern.h">
      <Filter>Header Files\util</Filter>
    </ClInclude>
    <ClInclude Include="pe.h">
      <Filter>Header Files\util</Filter>
    </ClInclude>
    <ClInclude Include="prediction.h">
      <Filter>Header Files\sdk</Filter>
    </ClInclude>
    <ClInclude Include="sdk.h">
      <Filter>Header Files\sdk</Filter>
    </ClInclude>
    <ClInclude Include="util.h">
      <Filter>Header Files\util</Filter>
    </ClInclude>
    <ClInclude Include="utlvector.h">
      <Filter>Header Files\sdk</Filter>
    </ClInclude>
    <ClInclude Include="vector2.h">
      <Filter>Header Files\sdk</Filter>
    </ClInclude>
    <ClInclude Include="vector3.h">
      <Filter>Header Files\sdk</Filter>
    </ClInclude>
    <ClInclude Include="trace.h">
      <Filter>Header Files\sdk</Filter>
    </ClInclude>
    <ClInclude Include="vmt.h">
      <Filter>Header Files\util</Filter>
    </ClInclude>
    <ClInclude Include="winapir.h">
      <Filter>Header Files\util</Filter>
    </ClInclude>
    <ClInclude Include="xorstr.h">
      <Filter>Header Files\util</Filter>
    </ClInclude>
    <ClInclude Include="tab.h">
      <Filter>Header Files\menu</Filter>
    </ClInclude>
    <ClInclude Include="surface.h">
      <Filter>Header Files\sdk</Filter>
    </ClInclude>
    <ClInclude Include="stack.h">
      <Filter>Header Files\util</Filter>
    </ClInclude>
    <ClInclude Include="slider.h">
      <Filter>Header Files\menu</Filter>
    </ClInclude>
    <ClInclude Include="studio.h">
      <Filter>Header Files\sdk</Filter>
    </ClInclude>
    <ClInclude Include="netdata.h">
      <Filter>Header Files</Filter>
    </ClInclude>
    <ClInclude Include="multidropdown.h">
      <Filter>Header Files\menu</Filter>
    </ClInclude>
    <ClInclude Include="form.h">
      <Filter>Header Files\menu</Filter>
    </ClInclude>
    <ClInclude Include="studiorender.h">
      <Filter>Header Files\sdk</Filter>
    </ClInclude>
    <ClInclude Include="chams.h">
      <Filter>Header Files</Filter>
    </ClInclude>
    <ClInclude Include="nt.h">
      <Filter>Header Files\util</Filter>
    </ClInclude>
    <ClInclude Include="notify.h">
      <Filter>Header Files</Filter>
    </ClInclude>
    <ClInclude Include="client.h">
      <Filter>Header Files</Filter>
    </ClInclude>
    <ClInclude Include="grenades.h">
      <Filter>Header Files</Filter>
    </ClInclude>
    <ClInclude Include="unique_vector.h">
      <Filter>Header Files\util</Filter>
    </ClInclude>
    <ClInclude Include="resolver.h">
      <Filter>Header Files</Filter>
    </ClInclude>
    <ClInclude Include="skins.h">
      <Filter>Header Files</Filter>
    </ClInclude>
    <ClInclude Include="events.h">
      <Filter>Header Files</Filter>
    </ClInclude>
    <ClInclude Include="gameevents.h">
      <Filter>Header Files\sdk</Filter>
    </ClInclude>
    <ClInclude Include="edit.h">
      <Filter>Header Files\menu</Filter>
    </ClInclude>
    <ClInclude Include="keybind.h">
      <Filter>Header Files\menu</Filter>
    </ClInclude>
    <ClInclude Include="matchframework.h">
      <Filter>Header Files\sdk</Filter>
    </ClInclude>
    <ClInclude Include="hud.h">
      <Filter>Header Files\sdk</Filter>
    </ClInclude>
    <ClInclude Include="tinyformat.h">
      <Filter>Header Files\util\contrib</Filter>
    </ClInclude>
    <ClInclude Include="localize.h">
      <Filter>Header Files\sdk</Filter>
    </ClInclude>
    <ClInclude Include="config.h">
      <Filter>Header Files\menu</Filter>
    </ClInclude>
    <ClInclude Include="json.h">
      <Filter>Header Files\util\contrib</Filter>
    </ClInclude>
    <ClInclude Include="button.h">
      <Filter>Header Files\menu</Filter>
    </ClInclude>
    <ClInclude Include="base64.h">
      <Filter>Header Files\util\contrib</Filter>
    </ClInclude>
    <ClInclude Include="syscall.h">
      <Filter>Header Files\util</Filter>
    </ClInclude>
    <ClInclude Include="x86.h">
      <Filter>Header Files\util</Filter>
    </ClInclude>
    <ClInclude Include="shots.h">
      <Filter>Header Files</Filter>
    </ClInclude>
    <ClInclude Include="gamerules.h">
      <Filter>Header Files\sdk</Filter>
    </ClInclude>
    <ClInclude Include="beams.h">
      <Filter>Header Files\sdk</Filter>
    </ClInclude>
    <ClInclude Include="networkstringtable.h">
      <Filter>Header Files\sdk</Filter>
    </ClInclude>
    <ClInclude Include="sound.h">
      <Filter>Header Files\sdk</Filter>
    </ClInclude>
    <ClInclude Include="entoffsets.h">
      <Filter>Header Files</Filter>
    </ClInclude>
    <ClInclude Include="netvars.h">
      <Filter>Header Files</Filter>
    </ClInclude>
    <ClInclude Include="interfaces.h">
      <Filter>Header Files</Filter>
    </ClInclude>
  </ItemGroup>
  <ItemGroup>
    <ClCompile Include="bonesetup.cpp">
      <Filter>Source Files</Filter>
    </ClCompile>
    <ClCompile Include="client.cpp">
      <Filter>Source Files</Filter>
    </ClCompile>
    <ClCompile Include="csgo.cpp">
      <Filter>Source Files</Filter>
    </ClCompile>
    <ClCompile Include="entry.cpp">
      <Filter>Source Files</Filter>
    </ClCompile>
    <ClCompile Include="hvh.cpp">
      <Filter>Source Files</Filter>
    </ClCompile>
    <ClCompile Include="knifebot.cpp">
      <Filter>Source Files</Filter>
    </ClCompile>
    <ClCompile Include="lagcomp.cpp">
      <Filter>Source Files</Filter>
    </ClCompile>
    <ClCompile Include="math.cpp">
      <Filter>Source Files</Filter>
    </ClCompile>
    <ClCompile Include="movement.cpp">
      <Filter>Source Files</Filter>
    </ClCompile>
    <ClCompile Include="penetration.cpp">
      <Filter>Source Files</Filter>
    </ClCompile>
    <ClCompile Include="pred.cpp">
      <Filter>Source Files</Filter>
    </ClCompile>
    <ClCompile Include="render.cpp">
      <Filter>Source Files</Filter>
    </ClCompile>
    <ClCompile Include="visuals.cpp">
      <Filter>Source Files</Filter>
    </ClCompile>
    <ClCompile Include="callbacks.cpp">
      <Filter>Source Files\menu</Filter>
    </ClCompile>
    <ClCompile Include="checkbox.cpp">
      <Filter>Source Files\menu</Filter>
    </ClCompile>
    <ClCompile Include="colorpicker.cpp">
      <Filter>Source Files\menu</Filter>
    </ClCompile>
    <ClCompile Include="dropdown.cpp">
      <Filter>Source Files\menu</Filter>
    </ClCompile>
    <ClCompile Include="form.cpp">
      <Filter>Source Files\menu</Filter>
    </ClCompile>
    <ClCompile Include="slider.cpp">
      <Filter>Source Files\menu</Filter>
    </ClCompile>
    <ClCompile Include="gui.cpp">
      <Filter>Source Files\menu</Filter>
    </ClCompile>
    <ClCompile Include="netdata.cpp">
      <Filter>Source Files</Filter>
    </ClCompile>
    <ClCompile Include="multidropdown.cpp">
      <Filter>Source Files\menu</Filter>
    </ClCompile>
    <ClCompile Include="chams.cpp">
      <Filter>Source Files</Filter>
    </ClCompile>
    <ClCompile Include="hooks.cpp">
      <Filter>Source Files\hooks</Filter>
    </ClCompile>
    <ClCompile Include="wndproc.cpp">
      <Filter>Source Files\hooks</Filter>
    </ClCompile>
    <ClCompile Include="grenades.cpp">
      <Filter>Source Files</Filter>
    </ClCompile>
    <ClCompile Include="resolver.cpp">
      <Filter>Source Files</Filter>
    </ClCompile>
    <ClCompile Include="viewrender.cpp">
      <Filter>Source Files\hooks\game</Filter>
    </ClCompile>
    <ClCompile Include="prediction.cpp">
      <Filter>Source Files\hooks\game</Filter>
    </ClCompile>
    <ClCompile Include="netchannel.cpp">
      <Filter>Source Files\hooks\game</Filter>
    </ClCompile>
    <ClCompile Include="panel.cpp">
      <Filter>Source Files\hooks\game</Filter>
    </ClCompile>
    <ClCompile Include="clientmode.cpp">
      <Filter>Source Files\hooks\game</Filter>
    </ClCompile>
    <ClCompile Include="surface.cpp">
      <Filter>Source Files\hooks\game</Filter>
    </ClCompile>
    <ClCompile Include="clientdll.cpp">
      <Filter>Source Files\hooks\game</Filter>
    </ClCompile>
    <ClCompile Include="engine.cpp">
      <Filter>Source Files\hooks\game</Filter>
    </ClCompile>
    <ClCompile Include="shadowmgr.cpp">
      <Filter>Source Files\hooks\game</Filter>
    </ClCompile>
    <ClCompile Include="renderview.cpp">
      <Filter>Source Files\hooks\game</Filter>
    </ClCompile>
    <ClCompile Include="cvar.cpp">
      <Filter>Source Files\hooks</Filter>
    </ClCompile>
    <ClCompile Include="player.cpp">
      <Filter>Source Files\hooks</Filter>
    </ClCompile>
    <ClCompile Include="modelrender.cpp">
      <Filter>Source Files\hooks\game</Filter>
    </ClCompile>
    <ClCompile Include="skins.cpp">
      <Filter>Source Files</Filter>
    </ClCompile>
    <ClCompile Include="events.cpp">
      <Filter>Source Files</Filter>
    </ClCompile>
    <ClCompile Include="edit.cpp">
      <Filter>Source Files\menu</Filter>
    </ClCompile>
    <ClCompile Include="keybind.cpp">
      <Filter>Source Files\menu</Filter>
    </ClCompile>
    <ClCompile Include="matchframework.cpp">
      <Filter>Source Files\hooks\game</Filter>
    </ClCompile>
    <ClCompile Include="materialsystem.cpp">
      <Filter>Source Files\hooks\game</Filter>
    </ClCompile>
    <ClCompile Include="config.cpp">
      <Filter>Source Files\menu</Filter>
    </ClCompile>
    <ClCompile Include="button.cpp">
      <Filter>Source Files\menu</Filter>
    </ClCompile>
    <ClCompile Include="firebullets.cpp">
      <Filter>Source Files\hooks</Filter>
    </ClCompile>
    <ClCompile Include="aimbot.cpp">
      <Filter>Source Files</Filter>
    </ClCompile>
    <ClCompile Include="shots.cpp">
      <Filter>Source Files</Filter>
    </ClCompile>
    <ClCompile Include="clientstate.cpp">
      <Filter>Source Files\hooks\game</Filter>
    </ClCompile>
  </ItemGroup>
</Project>